
Microsoft Visual Studio Solution File, Format Version 12.00
# Visual Studio Version 17
VisualStudioVersion = 17.12.35527.113
MinimumVisualStudioVersion = 10.0.40219.1
Project("{2150E333-8FDC-42A3-9474-1A3956D46DE8}") = "Solution Items", "Solution Items", "{7D9B34C6-4065-49E9-861A-5BC57875C72E}"
	ProjectSection(SolutionItems) = preProject
		.gitignore = .gitignore
		Build\Build.Configuration.cs = Build\Build.Configuration.cs
		Readme.md = Readme.md
	EndProjectSection
EndProject
Project("{2150E333-8FDC-42A3-9474-1A3956D46DE8}") = "Automation", "Automation", "{DE4C88F2-3AA3-4A06-BEB1-86372004C6B6}"
EndProject
Project("{FAE04EC0-301F-11D3-BF4B-00C04F79EFBC}") = "Build", "build\Build.csproj", "{E81BA55E-B4E6-4AA5-9C8B-82060EADD0A9}"
EndProject
Project("{FAE04EC0-301F-11D3-BF4B-00C04F79EFBC}") = "Installer", "install\Installer.csproj", "{AB764845-A8AE-4135-9524-98F1519A4492}"
EndProject
Project("{FAE04EC0-301F-11D3-BF4B-00C04F79EFBC}") = "CableTrays", "source\CableTrays\CableTrays.csproj", "{F12DCB71-80F4-43E3-9604-78F5B559ED7E}"
EndProject
Project("{FAE04EC0-301F-11D3-BF4B-00C04F79EFBC}") = "CheckLOI", "source\CheckLOI\CheckLOI.csproj", "{5D094A4A-D1EA-465E-A960-B712C1D805E1}"
EndProject
Project("{FAE04EC0-301F-11D3-BF4B-00C04F79EFBC}") = "Length", "source\Length\Length.csproj", "{7C93ECCA-805F-4CFB-9041-34CC53105650}"
EndProject
Project("{FAE04EC0-301F-11D3-BF4B-00C04F79EFBC}") = "ModelTransplanter", "source\ModelTransplanter\ModelTransplanter.csproj", "{8D43FAD8-97C0-45E9-834D-4E57B54421EE}"
EndProject
Project("{FAE04EC0-301F-11D3-BF4B-00C04F79EFBC}") = "RPToolsApp", "source\RPToolsApp\RPToolsApp.csproj", "{A330BDB3-2B52-4DAC-9853-3CF2C4F20537}"
EndProject
Project("{FAE04EC0-301F-11D3-BF4B-00C04F79EFBC}") = "RPToolsUI", "source\RPToolsUI\RPToolsUI.csproj", "{7802D521-1C18-42B2-A461-4B6D048D4251}"
EndProject
Project("{FAE04EC0-301F-11D3-BF4B-00C04F79EFBC}") = "WorkingSet", "source\WorkingSet\WorkingSet.csproj", "{BE1A8791-8E20-4170-B4C8-896B7C2D5145}"
EndProject
Project("{FAE04EC0-301F-11D3-BF4B-00C04F79EFBC}") = "Toad-Tools-UI", "..\Toad-Tools-UI\source\Toad-Tools-UI\Toad-Tools-UI.csproj", "{2D0E4A83-0CAB-47DC-AB48-0F8D3F33E300}"
EndProject
Project("{FAE04EC0-301F-11D3-BF4B-00C04F79EFBC}") = "Toad-Tools-UI.Abstractions", "..\Toad-Tools-UI\source\Toad-Tools-UI.Abstractions\Toad-Tools-UI.Abstractions.csproj", "{024D7680-7A7D-473F-941D-7A8E775DB30D}"
EndProject
Global
	GlobalSection(SolutionConfigurationPlatforms) = preSolution
		Debug R21|Any CPU = Debug R21|Any CPU
		Debug R22|Any CPU = Debug R22|Any CPU
		Debug R23|Any CPU = Debug R23|Any CPU
		Debug R24|Any CPU = Debug R24|Any CPU
		Debug R25|Any CPU = Debug R25|Any CPU
		Debug R26|Any CPU = Debug R26|Any CPU
		Debug|Any CPU = Debug|Any CPU
		Release R21|Any CPU = Release R21|Any CPU
		Release R22|Any CPU = Release R22|Any CPU
		Release R23|Any CPU = Release R23|Any CPU
		Release R24|Any CPU = Release R24|Any CPU
		Release R25|Any CPU = Release R25|Any CPU
		Release R26|Any CPU = Release R26|Any CPU
		Release|Any CPU = Release|Any CPU
	EndGlobalSection
	GlobalSection(ProjectConfigurationPlatforms) = postSolution
		{E81BA55E-B4E6-4AA5-9C8B-82060EADD0A9}.Debug R21|Any CPU.ActiveCfg = Debug|Any CPU
		{E81BA55E-B4E6-4AA5-9C8B-82060EADD0A9}.Debug R22|Any CPU.ActiveCfg = Debug|Any CPU
		{E81BA55E-B4E6-4AA5-9C8B-82060EADD0A9}.Debug R23|Any CPU.ActiveCfg = Debug|Any CPU
		{E81BA55E-B4E6-4AA5-9C8B-82060EADD0A9}.Debug R24|Any CPU.ActiveCfg = Debug|Any CPU
		{E81BA55E-B4E6-4AA5-9C8B-82060EADD0A9}.Debug R25|Any CPU.ActiveCfg = Debug|Any CPU
		{E81BA55E-B4E6-4AA5-9C8B-82060EADD0A9}.Debug R26|Any CPU.ActiveCfg = Debug|Any CPU
		{E81BA55E-B4E6-4AA5-9C8B-82060EADD0A9}.Debug|Any CPU.ActiveCfg = Debug|Any CPU
		{E81BA55E-B4E6-4AA5-9C8B-82060EADD0A9}.Debug|Any CPU.Build.0 = Debug|Any CPU
		{E81BA55E-B4E6-4AA5-9C8B-82060EADD0A9}.Release R21|Any CPU.ActiveCfg = Release|Any CPU
		{E81BA55E-B4E6-4AA5-9C8B-82060EADD0A9}.Release R22|Any CPU.ActiveCfg = Release|Any CPU
		{E81BA55E-B4E6-4AA5-9C8B-82060EADD0A9}.Release R23|Any CPU.ActiveCfg = Release|Any CPU
		{E81BA55E-B4E6-4AA5-9C8B-82060EADD0A9}.Release R24|Any CPU.ActiveCfg = Release|Any CPU
		{E81BA55E-B4E6-4AA5-9C8B-82060EADD0A9}.Release R25|Any CPU.ActiveCfg = Release|Any CPU
		{E81BA55E-B4E6-4AA5-9C8B-82060EADD0A9}.Release R26|Any CPU.ActiveCfg = Release|Any CPU
		{E81BA55E-B4E6-4AA5-9C8B-82060EADD0A9}.Release|Any CPU.ActiveCfg = Release|Any CPU
		{E81BA55E-B4E6-4AA5-9C8B-82060EADD0A9}.Release|Any CPU.Build.0 = Release|Any CPU
		{AB764845-A8AE-4135-9524-98F1519A4492}.Debug R21|Any CPU.ActiveCfg = Debug|Any CPU
		{AB764845-A8AE-4135-9524-98F1519A4492}.Debug R22|Any CPU.ActiveCfg = Debug|Any CPU
		{AB764845-A8AE-4135-9524-98F1519A4492}.Debug R23|Any CPU.ActiveCfg = Debug|Any CPU
		{AB764845-A8AE-4135-9524-98F1519A4492}.Debug R24|Any CPU.ActiveCfg = Debug|Any CPU
		{AB764845-A8AE-4135-9524-98F1519A4492}.Debug R25|Any CPU.ActiveCfg = Debug|Any CPU
		{AB764845-A8AE-4135-9524-98F1519A4492}.Debug R26|Any CPU.ActiveCfg = Debug|Any CPU
		{AB764845-A8AE-4135-9524-98F1519A4492}.Debug|Any CPU.ActiveCfg = Debug|Any CPU
		{AB764845-A8AE-4135-9524-98F1519A4492}.Debug|Any CPU.Build.0 = Debug|Any CPU
		{AB764845-A8AE-4135-9524-98F1519A4492}.Release R21|Any CPU.ActiveCfg = Release|Any CPU
		{AB764845-A8AE-4135-9524-98F1519A4492}.Release R22|Any CPU.ActiveCfg = Release|Any CPU
		{AB764845-A8AE-4135-9524-98F1519A4492}.Release R23|Any CPU.ActiveCfg = Release|Any CPU
		{AB764845-A8AE-4135-9524-98F1519A4492}.Release R24|Any CPU.ActiveCfg = Release|Any CPU
		{AB764845-A8AE-4135-9524-98F1519A4492}.Release R25|Any CPU.ActiveCfg = Release|Any CPU
		{AB764845-A8AE-4135-9524-98F1519A4492}.Release R26|Any CPU.ActiveCfg = Release|Any CPU
		{AB764845-A8AE-4135-9524-98F1519A4492}.Release|Any CPU.ActiveCfg = Release|Any CPU
		{AB764845-A8AE-4135-9524-98F1519A4492}.Release|Any CPU.Build.0 = Release|Any CPU
		{F12DCB71-80F4-43E3-9604-78F5B559ED7E}.Debug R21|Any CPU.ActiveCfg = Debug R21|Any CPU
		{F12DCB71-80F4-43E3-9604-78F5B559ED7E}.Debug R21|Any CPU.Build.0 = Debug R21|Any CPU
		{F12DCB71-80F4-43E3-9604-78F5B559ED7E}.Debug R22|Any CPU.ActiveCfg = Debug R22|Any CPU
		{F12DCB71-80F4-43E3-9604-78F5B559ED7E}.Debug R22|Any CPU.Build.0 = Debug R22|Any CPU
		{F12DCB71-80F4-43E3-9604-78F5B559ED7E}.Debug R23|Any CPU.ActiveCfg = Debug R23|Any CPU
		{F12DCB71-80F4-43E3-9604-78F5B559ED7E}.Debug R23|Any CPU.Build.0 = Debug R23|Any CPU
		{F12DCB71-80F4-43E3-9604-78F5B559ED7E}.Debug R24|Any CPU.ActiveCfg = Debug R24|Any CPU
		{F12DCB71-80F4-43E3-9604-78F5B559ED7E}.Debug R24|Any CPU.Build.0 = Debug R24|Any CPU
		{F12DCB71-80F4-43E3-9604-78F5B559ED7E}.Debug R25|Any CPU.ActiveCfg = Debug R25|Any CPU
		{F12DCB71-80F4-43E3-9604-78F5B559ED7E}.Debug R25|Any CPU.Build.0 = Debug R25|Any CPU
		{F12DCB71-80F4-43E3-9604-78F5B559ED7E}.Debug R26|Any CPU.ActiveCfg = Debug R20|Any CPU
		{F12DCB71-80F4-43E3-9604-78F5B559ED7E}.Debug R26|Any CPU.Build.0 = Debug R20|Any CPU
		{F12DCB71-80F4-43E3-9604-78F5B559ED7E}.Debug|Any CPU.ActiveCfg = Debug R20|Any CPU
		{F12DCB71-80F4-43E3-9604-78F5B559ED7E}.Debug|Any CPU.Build.0 = Debug R20|Any CPU
		{F12DCB71-80F4-43E3-9604-78F5B559ED7E}.Release R21|Any CPU.ActiveCfg = Release R21|Any CPU
		{F12DCB71-80F4-43E3-9604-78F5B559ED7E}.Release R21|Any CPU.Build.0 = Release R21|Any CPU
		{F12DCB71-80F4-43E3-9604-78F5B559ED7E}.Release R22|Any CPU.ActiveCfg = Release R22|Any CPU
		{F12DCB71-80F4-43E3-9604-78F5B559ED7E}.Release R22|Any CPU.Build.0 = Release R22|Any CPU
		{F12DCB71-80F4-43E3-9604-78F5B559ED7E}.Release R23|Any CPU.ActiveCfg = Release R23|Any CPU
		{F12DCB71-80F4-43E3-9604-78F5B559ED7E}.Release R23|Any CPU.Build.0 = Release R23|Any CPU
		{F12DCB71-80F4-43E3-9604-78F5B559ED7E}.Release R24|Any CPU.ActiveCfg = Release R24|Any CPU
		{F12DCB71-80F4-43E3-9604-78F5B559ED7E}.Release R24|Any CPU.Build.0 = Release R24|Any CPU
		{F12DCB71-80F4-43E3-9604-78F5B559ED7E}.Release R25|Any CPU.ActiveCfg = Release R25|Any CPU
		{F12DCB71-80F4-43E3-9604-78F5B559ED7E}.Release R25|Any CPU.Build.0 = Release R25|Any CPU
		{F12DCB71-80F4-43E3-9604-78F5B559ED7E}.Release R26|Any CPU.ActiveCfg = Release R20|Any CPU
		{F12DCB71-80F4-43E3-9604-78F5B559ED7E}.Release R26|Any CPU.Build.0 = Release R20|Any CPU
		{F12DCB71-80F4-43E3-9604-78F5B559ED7E}.Release|Any CPU.ActiveCfg = Release R20|Any CPU
		{F12DCB71-80F4-43E3-9604-78F5B559ED7E}.Release|Any CPU.Build.0 = Release R20|Any CPU
		{5D094A4A-D1EA-465E-A960-B712C1D805E1}.Debug R21|Any CPU.ActiveCfg = Debug R21|Any CPU
		{5D094A4A-D1EA-465E-A960-B712C1D805E1}.Debug R21|Any CPU.Build.0 = Debug R21|Any CPU
		{5D094A4A-D1EA-465E-A960-B712C1D805E1}.Debug R22|Any CPU.ActiveCfg = Debug R22|Any CPU
		{5D094A4A-D1EA-465E-A960-B712C1D805E1}.Debug R22|Any CPU.Build.0 = Debug R22|Any CPU
		{5D094A4A-D1EA-465E-A960-B712C1D805E1}.Debug R23|Any CPU.ActiveCfg = Debug R23|Any CPU
		{5D094A4A-D1EA-465E-A960-B712C1D805E1}.Debug R23|Any CPU.Build.0 = Debug R23|Any CPU
		{5D094A4A-D1EA-465E-A960-B712C1D805E1}.Debug R24|Any CPU.ActiveCfg = Debug R24|Any CPU
		{5D094A4A-D1EA-465E-A960-B712C1D805E1}.Debug R24|Any CPU.Build.0 = Debug R24|Any CPU
		{5D094A4A-D1EA-465E-A960-B712C1D805E1}.Debug R25|Any CPU.ActiveCfg = Debug R25|Any CPU
		{5D094A4A-D1EA-465E-A960-B712C1D805E1}.Debug R25|Any CPU.Build.0 = Debug R25|Any CPU
		{5D094A4A-D1EA-465E-A960-B712C1D805E1}.Debug R26|Any CPU.ActiveCfg = Debug R20|Any CPU
		{5D094A4A-D1EA-465E-A960-B712C1D805E1}.Debug R26|Any CPU.Build.0 = Debug R20|Any CPU
		{5D094A4A-D1EA-465E-A960-B712C1D805E1}.Debug|Any CPU.ActiveCfg = Debug R20|Any CPU
		{5D094A4A-D1EA-465E-A960-B712C1D805E1}.Debug|Any CPU.Build.0 = Debug R20|Any CPU
		{5D094A4A-D1EA-465E-A960-B712C1D805E1}.Release R21|Any CPU.ActiveCfg = Release R21|Any CPU
		{5D094A4A-D1EA-465E-A960-B712C1D805E1}.Release R21|Any CPU.Build.0 = Release R21|Any CPU
		{5D094A4A-D1EA-465E-A960-B712C1D805E1}.Release R22|Any CPU.ActiveCfg = Release R22|Any CPU
		{5D094A4A-D1EA-465E-A960-B712C1D805E1}.Release R22|Any CPU.Build.0 = Release R22|Any CPU
		{5D094A4A-D1EA-465E-A960-B712C1D805E1}.Release R23|Any CPU.ActiveCfg = Release R23|Any CPU
		{5D094A4A-D1EA-465E-A960-B712C1D805E1}.Release R23|Any CPU.Build.0 = Release R23|Any CPU
		{5D094A4A-D1EA-465E-A960-B712C1D805E1}.Release R24|Any CPU.ActiveCfg = Release R24|Any CPU
		{5D094A4A-D1EA-465E-A960-B712C1D805E1}.Release R24|Any CPU.Build.0 = Release R24|Any CPU
		{5D094A4A-D1EA-465E-A960-B712C1D805E1}.Release R25|Any CPU.ActiveCfg = Release R25|Any CPU
		{5D094A4A-D1EA-465E-A960-B712C1D805E1}.Release R25|Any CPU.Build.0 = Release R25|Any CPU
		{5D094A4A-D1EA-465E-A960-B712C1D805E1}.Release R26|Any CPU.ActiveCfg = Release R20|Any CPU
		{5D094A4A-D1EA-465E-A960-B712C1D805E1}.Release R26|Any CPU.Build.0 = Release R20|Any CPU
		{5D094A4A-D1EA-465E-A960-B712C1D805E1}.Release|Any CPU.ActiveCfg = Release R20|Any CPU
		{5D094A4A-D1EA-465E-A960-B712C1D805E1}.Release|Any CPU.Build.0 = Release R20|Any CPU
		{7C93ECCA-805F-4CFB-9041-34CC53105650}.Debug R21|Any CPU.ActiveCfg = Debug R21|Any CPU
		{7C93ECCA-805F-4CFB-9041-34CC53105650}.Debug R21|Any CPU.Build.0 = Debug R21|Any CPU
		{7C93ECCA-805F-4CFB-9041-34CC53105650}.Debug R22|Any CPU.ActiveCfg = Debug R22|Any CPU
		{7C93ECCA-805F-4CFB-9041-34CC53105650}.Debug R22|Any CPU.Build.0 = Debug R22|Any CPU
		{7C93ECCA-805F-4CFB-9041-34CC53105650}.Debug R23|Any CPU.ActiveCfg = Debug R23|Any CPU
		{7C93ECCA-805F-4CFB-9041-34CC53105650}.Debug R23|Any CPU.Build.0 = Debug R23|Any CPU
		{7C93ECCA-805F-4CFB-9041-34CC53105650}.Debug R24|Any CPU.ActiveCfg = Debug R24|Any CPU
		{7C93ECCA-805F-4CFB-9041-34CC53105650}.Debug R24|Any CPU.Build.0 = Debug R24|Any CPU
		{7C93ECCA-805F-4CFB-9041-34CC53105650}.Debug R25|Any CPU.ActiveCfg = Debug R25|Any CPU
		{7C93ECCA-805F-4CFB-9041-34CC53105650}.Debug R25|Any CPU.Build.0 = Debug R25|Any CPU
		{7C93ECCA-805F-4CFB-9041-34CC53105650}.Debug R26|Any CPU.ActiveCfg = Debug R20|Any CPU
		{7C93ECCA-805F-4CFB-9041-34CC53105650}.Debug R26|Any CPU.Build.0 = Debug R20|Any CPU
		{7C93ECCA-805F-4CFB-9041-34CC53105650}.Debug|Any CPU.ActiveCfg = Debug R20|Any CPU
		{7C93ECCA-805F-4CFB-9041-34CC53105650}.Debug|Any CPU.Build.0 = Debug R20|Any CPU
		{7C93ECCA-805F-4CFB-9041-34CC53105650}.Release R21|Any CPU.ActiveCfg = Release R21|Any CPU
		{7C93ECCA-805F-4CFB-9041-34CC53105650}.Release R21|Any CPU.Build.0 = Release R21|Any CPU
		{7C93ECCA-805F-4CFB-9041-34CC53105650}.Release R22|Any CPU.ActiveCfg = Release R22|Any CPU
		{7C93ECCA-805F-4CFB-9041-34CC53105650}.Release R22|Any CPU.Build.0 = Release R22|Any CPU
		{7C93ECCA-805F-4CFB-9041-34CC53105650}.Release R23|Any CPU.ActiveCfg = Release R23|Any CPU
		{7C93ECCA-805F-4CFB-9041-34CC53105650}.Release R23|Any CPU.Build.0 = Release R23|Any CPU
		{7C93ECCA-805F-4CFB-9041-34CC53105650}.Release R24|Any CPU.ActiveCfg = Release R24|Any CPU
		{7C93ECCA-805F-4CFB-9041-34CC53105650}.Release R24|Any CPU.Build.0 = Release R24|Any CPU
		{7C93ECCA-805F-4CFB-9041-34CC53105650}.Release R25|Any CPU.ActiveCfg = Release R25|Any CPU
		{7C93ECCA-805F-4CFB-9041-34CC53105650}.Release R25|Any CPU.Build.0 = Release R25|Any CPU
		{7C93ECCA-805F-4CFB-9041-34CC53105650}.Release R26|Any CPU.ActiveCfg = Release R20|Any CPU
		{7C93ECCA-805F-4CFB-9041-34CC53105650}.Release R26|Any CPU.Build.0 = Release R20|Any CPU
		{7C93ECCA-805F-4CFB-9041-34CC53105650}.Release|Any CPU.ActiveCfg = Release R20|Any CPU
		{7C93ECCA-805F-4CFB-9041-34CC53105650}.Release|Any CPU.Build.0 = Release R20|Any CPU
		{8D43FAD8-97C0-45E9-834D-4E57B54421EE}.Debug R21|Any CPU.ActiveCfg = Debug R21|Any CPU
		{8D43FAD8-97C0-45E9-834D-4E57B54421EE}.Debug R21|Any CPU.Build.0 = Debug R21|Any CPU
		{8D43FAD8-97C0-45E9-834D-4E57B54421EE}.Debug R22|Any CPU.ActiveCfg = Debug R22|Any CPU
		{8D43FAD8-97C0-45E9-834D-4E57B54421EE}.Debug R22|Any CPU.Build.0 = Debug R22|Any CPU
		{8D43FAD8-97C0-45E9-834D-4E57B54421EE}.Debug R23|Any CPU.ActiveCfg = Debug R23|Any CPU
		{8D43FAD8-97C0-45E9-834D-4E57B54421EE}.Debug R23|Any CPU.Build.0 = Debug R23|Any CPU
		{8D43FAD8-97C0-45E9-834D-4E57B54421EE}.Debug R24|Any CPU.ActiveCfg = Debug R24|Any CPU
		{8D43FAD8-97C0-45E9-834D-4E57B54421EE}.Debug R24|Any CPU.Build.0 = Debug R24|Any CPU
		{8D43FAD8-97C0-45E9-834D-4E57B54421EE}.Debug R25|Any CPU.ActiveCfg = Debug R25|Any CPU
		{8D43FAD8-97C0-45E9-834D-4E57B54421EE}.Debug R25|Any CPU.Build.0 = Debug R25|Any CPU
		{8D43FAD8-97C0-45E9-834D-4E57B54421EE}.Debug R26|Any CPU.ActiveCfg = Debug R20|Any CPU
		{8D43FAD8-97C0-45E9-834D-4E57B54421EE}.Debug R26|Any CPU.Build.0 = Debug R20|Any CPU
		{8D43FAD8-97C0-45E9-834D-4E57B54421EE}.Debug|Any CPU.ActiveCfg = Debug R20|Any CPU
		{8D43FAD8-97C0-45E9-834D-4E57B54421EE}.Debug|Any CPU.Build.0 = Debug R20|Any CPU
		{8D43FAD8-97C0-45E9-834D-4E57B54421EE}.Release R21|Any CPU.ActiveCfg = Release R21|Any CPU
		{8D43FAD8-97C0-45E9-834D-4E57B54421EE}.Release R21|Any CPU.Build.0 = Release R21|Any CPU
		{8D43FAD8-97C0-45E9-834D-4E57B54421EE}.Release R22|Any CPU.ActiveCfg = Release R22|Any CPU
		{8D43FAD8-97C0-45E9-834D-4E57B54421EE}.Release R22|Any CPU.Build.0 = Release R22|Any CPU
		{8D43FAD8-97C0-45E9-834D-4E57B54421EE}.Release R23|Any CPU.ActiveCfg = Release R23|Any CPU
		{8D43FAD8-97C0-45E9-834D-4E57B54421EE}.Release R23|Any CPU.Build.0 = Release R23|Any CPU
		{8D43FAD8-97C0-45E9-834D-4E57B54421EE}.Release R24|Any CPU.ActiveCfg = Release R24|Any CPU
		{8D43FAD8-97C0-45E9-834D-4E57B54421EE}.Release R24|Any CPU.Build.0 = Release R24|Any CPU
		{8D43FAD8-97C0-45E9-834D-4E57B54421EE}.Release R25|Any CPU.ActiveCfg = Release R25|Any CPU
		{8D43FAD8-97C0-45E9-834D-4E57B54421EE}.Release R25|Any CPU.Build.0 = Release R25|Any CPU
		{8D43FAD8-97C0-45E9-834D-4E57B54421EE}.Release R26|Any CPU.ActiveCfg = Release R20|Any CPU
		{8D43FAD8-97C0-45E9-834D-4E57B54421EE}.Release R26|Any CPU.Build.0 = Release R20|Any CPU
		{8D43FAD8-97C0-45E9-834D-4E57B54421EE}.Release|Any CPU.ActiveCfg = Release R20|Any CPU
		{8D43FAD8-97C0-45E9-834D-4E57B54421EE}.Release|Any CPU.Build.0 = Release R20|Any CPU
		{A330BDB3-2B52-4DAC-9853-3CF2C4F20537}.Debug R21|Any CPU.ActiveCfg = Debug R21|Any CPU
		{A330BDB3-2B52-4DAC-9853-3CF2C4F20537}.Debug R21|Any CPU.Build.0 = Debug R21|Any CPU
		{A330BDB3-2B52-4DAC-9853-3CF2C4F20537}.Debug R22|Any CPU.ActiveCfg = Debug R22|Any CPU
		{A330BDB3-2B52-4DAC-9853-3CF2C4F20537}.Debug R22|Any CPU.Build.0 = Debug R22|Any CPU
		{A330BDB3-2B52-4DAC-9853-3CF2C4F20537}.Debug R23|Any CPU.ActiveCfg = Debug R23|Any CPU
		{A330BDB3-2B52-4DAC-9853-3CF2C4F20537}.Debug R23|Any CPU.Build.0 = Debug R23|Any CPU
		{A330BDB3-2B52-4DAC-9853-3CF2C4F20537}.Debug R24|Any CPU.ActiveCfg = Debug R24|Any CPU
		{A330BDB3-2B52-4DAC-9853-3CF2C4F20537}.Debug R24|Any CPU.Build.0 = Debug R24|Any CPU
		{A330BDB3-2B52-4DAC-9853-3CF2C4F20537}.Debug R25|Any CPU.ActiveCfg = Debug R25|Any CPU
		{A330BDB3-2B52-4DAC-9853-3CF2C4F20537}.Debug R25|Any CPU.Build.0 = Debug R25|Any CPU
		{A330BDB3-2B52-4DAC-9853-3CF2C4F20537}.Debug R26|Any CPU.ActiveCfg = Debug R20|Any CPU
		{A330BDB3-2B52-4DAC-9853-3CF2C4F20537}.Debug R26|Any CPU.Build.0 = Debug R20|Any CPU
		{A330BDB3-2B52-4DAC-9853-3CF2C4F20537}.Debug|Any CPU.ActiveCfg = Debug R20|Any CPU
		{A330BDB3-2B52-4DAC-9853-3CF2C4F20537}.Debug|Any CPU.Build.0 = Debug R20|Any CPU
		{A330BDB3-2B52-4DAC-9853-3CF2C4F20537}.Release R21|Any CPU.ActiveCfg = Release R21|Any CPU
		{A330BDB3-2B52-4DAC-9853-3CF2C4F20537}.Release R21|Any CPU.Build.0 = Release R21|Any CPU
		{A330BDB3-2B52-4DAC-9853-3CF2C4F20537}.Release R22|Any CPU.ActiveCfg = Release R22|Any CPU
		{A330BDB3-2B52-4DAC-9853-3CF2C4F20537}.Release R22|Any CPU.Build.0 = Release R22|Any CPU
		{A330BDB3-2B52-4DAC-9853-3CF2C4F20537}.Release R23|Any CPU.ActiveCfg = Release R23|Any CPU
		{A330BDB3-2B52-4DAC-9853-3CF2C4F20537}.Release R23|Any CPU.Build.0 = Release R23|Any CPU
		{A330BDB3-2B52-4DAC-9853-3CF2C4F20537}.Release R24|Any CPU.ActiveCfg = Release R24|Any CPU
		{A330BDB3-2B52-4DAC-9853-3CF2C4F20537}.Release R24|Any CPU.Build.0 = Release R24|Any CPU
		{A330BDB3-2B52-4DAC-9853-3CF2C4F20537}.Release R25|Any CPU.ActiveCfg = Release R25|Any CPU
		{A330BDB3-2B52-4DAC-9853-3CF2C4F20537}.Release R25|Any CPU.Build.0 = Release R25|Any CPU
		{A330BDB3-2B52-4DAC-9853-3CF2C4F20537}.Release R26|Any CPU.ActiveCfg = Release R20|Any CPU
		{A330BDB3-2B52-4DAC-9853-3CF2C4F20537}.Release R26|Any CPU.Build.0 = Release R20|Any CPU
		{A330BDB3-2B52-4DAC-9853-3CF2C4F20537}.Release|Any CPU.ActiveCfg = Release R20|Any CPU
		{A330BDB3-2B52-4DAC-9853-3CF2C4F20537}.Release|Any CPU.Build.0 = Release R20|Any CPU
		{7802D521-1C18-42B2-A461-4B6D048D4251}.Debug R21|Any CPU.ActiveCfg = Debug R21|Any CPU
		{7802D521-1C18-42B2-A461-4B6D048D4251}.Debug R21|Any CPU.Build.0 = Debug R21|Any CPU
		{7802D521-1C18-42B2-A461-4B6D048D4251}.Debug R22|Any CPU.ActiveCfg = Debug R22|Any CPU
		{7802D521-1C18-42B2-A461-4B6D048D4251}.Debug R22|Any CPU.Build.0 = Debug R22|Any CPU
		{7802D521-1C18-42B2-A461-4B6D048D4251}.Debug R23|Any CPU.ActiveCfg = Debug R23|Any CPU
		{7802D521-1C18-42B2-A461-4B6D048D4251}.Debug R23|Any CPU.Build.0 = Debug R23|Any CPU
		{7802D521-1C18-42B2-A461-4B6D048D4251}.Debug R24|Any CPU.ActiveCfg = Debug R24|Any CPU
		{7802D521-1C18-42B2-A461-4B6D048D4251}.Debug R24|Any CPU.Build.0 = Debug R24|Any CPU
		{7802D521-1C18-42B2-A461-4B6D048D4251}.Debug R25|Any CPU.ActiveCfg = Debug R25|Any CPU
		{7802D521-1C18-42B2-A461-4B6D048D4251}.Debug R25|Any CPU.Build.0 = Debug R25|Any CPU
		{7802D521-1C18-42B2-A461-4B6D048D4251}.Debug R26|Any CPU.ActiveCfg = Debug R20|Any CPU
		{7802D521-1C18-42B2-A461-4B6D048D4251}.Debug R26|Any CPU.Build.0 = Debug R20|Any CPU
		{7802D521-1C18-42B2-A461-4B6D048D4251}.Debug|Any CPU.ActiveCfg = Debug R20|Any CPU
		{7802D521-1C18-42B2-A461-4B6D048D4251}.Debug|Any CPU.Build.0 = Debug R20|Any CPU
		{7802D521-1C18-42B2-A461-4B6D048D4251}.Release R21|Any CPU.ActiveCfg = Release R21|Any CPU
		{7802D521-1C18-42B2-A461-4B6D048D4251}.Release R21|Any CPU.Build.0 = Release R21|Any CPU
		{7802D521-1C18-42B2-A461-4B6D048D4251}.Release R22|Any CPU.ActiveCfg = Release R22|Any CPU
		{7802D521-1C18-42B2-A461-4B6D048D4251}.Release R22|Any CPU.Build.0 = Release R22|Any CPU
		{7802D521-1C18-42B2-A461-4B6D048D4251}.Release R23|Any CPU.ActiveCfg = Release R23|Any CPU
		{7802D521-1C18-42B2-A461-4B6D048D4251}.Release R23|Any CPU.Build.0 = Release R23|Any CPU
		{7802D521-1C18-42B2-A461-4B6D048D4251}.Release R24|Any CPU.ActiveCfg = Release R24|Any CPU
		{7802D521-1C18-42B2-A461-4B6D048D4251}.Release R24|Any CPU.Build.0 = Release R24|Any CPU
		{7802D521-1C18-42B2-A461-4B6D048D4251}.Release R25|Any CPU.ActiveCfg = Release R25|Any CPU
		{7802D521-1C18-42B2-A461-4B6D048D4251}.Release R25|Any CPU.Build.0 = Release R25|Any CPU
		{7802D521-1C18-42B2-A461-4B6D048D4251}.Release R26|Any CPU.ActiveCfg = Release R20|Any CPU
		{7802D521-1C18-42B2-A461-4B6D048D4251}.Release R26|Any CPU.Build.0 = Release R20|Any CPU
		{7802D521-1C18-42B2-A461-4B6D048D4251}.Release|Any CPU.ActiveCfg = Release R20|Any CPU
		{7802D521-1C18-42B2-A461-4B6D048D4251}.Release|Any CPU.Build.0 = Release R20|Any CPU
		{BE1A8791-8E20-4170-B4C8-896B7C2D5145}.Debug R21|Any CPU.ActiveCfg = Debug R21|Any CPU
		{BE1A8791-8E20-4170-B4C8-896B7C2D5145}.Debug R21|Any CPU.Build.0 = Debug R21|Any CPU
		{BE1A8791-8E20-4170-B4C8-896B7C2D5145}.Debug R22|Any CPU.ActiveCfg = Debug R22|Any CPU
		{BE1A8791-8E20-4170-B4C8-896B7C2D5145}.Debug R22|Any CPU.Build.0 = Debug R22|Any CPU
		{BE1A8791-8E20-4170-B4C8-896B7C2D5145}.Debug R23|Any CPU.ActiveCfg = Debug R23|Any CPU
		{BE1A8791-8E20-4170-B4C8-896B7C2D5145}.Debug R23|Any CPU.Build.0 = Debug R23|Any CPU
		{BE1A8791-8E20-4170-B4C8-896B7C2D5145}.Debug R24|Any CPU.ActiveCfg = Debug R24|Any CPU
		{BE1A8791-8E20-4170-B4C8-896B7C2D5145}.Debug R24|Any CPU.Build.0 = Debug R24|Any CPU
		{BE1A8791-8E20-4170-B4C8-896B7C2D5145}.Debug R25|Any CPU.ActiveCfg = Debug R25|Any CPU
		{BE1A8791-8E20-4170-B4C8-896B7C2D5145}.Debug R25|Any CPU.Build.0 = Debug R25|Any CPU
		{BE1A8791-8E20-4170-B4C8-896B7C2D5145}.Debug R26|Any CPU.ActiveCfg = Debug R20|Any CPU
		{BE1A8791-8E20-4170-B4C8-896B7C2D5145}.Debug R26|Any CPU.Build.0 = Debug R20|Any CPU
		{BE1A8791-8E20-4170-B4C8-896B7C2D5145}.Debug|Any CPU.ActiveCfg = Debug R20|Any CPU
		{BE1A8791-8E20-4170-B4C8-896B7C2D5145}.Debug|Any CPU.Build.0 = Debug R20|Any CPU
		{BE1A8791-8E20-4170-B4C8-896B7C2D5145}.Release R21|Any CPU.ActiveCfg = Release R21|Any CPU
		{BE1A8791-8E20-4170-B4C8-896B7C2D5145}.Release R21|Any CPU.Build.0 = Release R21|Any CPU
		{BE1A8791-8E20-4170-B4C8-896B7C2D5145}.Release R22|Any CPU.ActiveCfg = Release R22|Any CPU
		{BE1A8791-8E20-4170-B4C8-896B7C2D5145}.Release R22|Any CPU.Build.0 = Release R22|Any CPU
		{BE1A8791-8E20-4170-B4C8-896B7C2D5145}.Release R23|Any CPU.ActiveCfg = Release R23|Any CPU
		{BE1A8791-8E20-4170-B4C8-896B7C2D5145}.Release R23|Any CPU.Build.0 = Release R23|Any CPU
		{BE1A8791-8E20-4170-B4C8-896B7C2D5145}.Release R24|Any CPU.ActiveCfg = Release R24|Any CPU
		{BE1A8791-8E20-4170-B4C8-896B7C2D5145}.Release R24|Any CPU.Build.0 = Release R24|Any CPU
		{BE1A8791-8E20-4170-B4C8-896B7C2D5145}.Release R25|Any CPU.ActiveCfg = Release R25|Any CPU
		{BE1A8791-8E20-4170-B4C8-896B7C2D5145}.Release R25|Any CPU.Build.0 = Release R25|Any CPU
		{BE1A8791-8E20-4170-B4C8-896B7C2D5145}.Release R26|Any CPU.ActiveCfg = Release R20|Any CPU
		{BE1A8791-8E20-4170-B4C8-896B7C2D5145}.Release R26|Any CPU.Build.0 = Release R20|Any CPU
		{BE1A8791-8E20-4170-B4C8-896B7C2D5145}.Release|Any CPU.ActiveCfg = Release R20|Any CPU
		{BE1A8791-8E20-4170-B4C8-896B7C2D5145}.Release|Any CPU.Build.0 = Release R20|Any CPU
		{2D0E4A83-0CAB-47DC-AB48-0F8D3F33E300}.Debug R21|Any CPU.ActiveCfg = Debug|Any CPU
		{2D0E4A83-0CAB-47DC-AB48-0F8D3F33E300}.Debug R21|Any CPU.Build.0 = Debug|Any CPU
		{2D0E4A83-0CAB-47DC-AB48-0F8D3F33E300}.Debug R22|Any CPU.ActiveCfg = Debug|Any CPU
		{2D0E4A83-0CAB-47DC-AB48-0F8D3F33E300}.Debug R22|Any CPU.Build.0 = Debug|Any CPU
		{2D0E4A83-0CAB-47DC-AB48-0F8D3F33E300}.Debug R23|Any CPU.ActiveCfg = Debug|Any CPU
		{2D0E4A83-0CAB-47DC-AB48-0F8D3F33E300}.Debug R23|Any CPU.Build.0 = Debug|Any CPU
		{2D0E4A83-0CAB-47DC-AB48-0F8D3F33E300}.Debug R24|Any CPU.ActiveCfg = Debug|Any CPU
		{2D0E4A83-0CAB-47DC-AB48-0F8D3F33E300}.Debug R24|Any CPU.Build.0 = Debug|Any CPU
		{2D0E4A83-0CAB-47DC-AB48-0F8D3F33E300}.Debug R25|Any CPU.ActiveCfg = Debug|Any CPU
		{2D0E4A83-0CAB-47DC-AB48-0F8D3F33E300}.Debug R25|Any CPU.Build.0 = Debug|Any CPU
		{2D0E4A83-0CAB-47DC-AB48-0F8D3F33E300}.Debug R26|Any CPU.ActiveCfg = Debug|Any CPU
		{2D0E4A83-0CAB-47DC-AB48-0F8D3F33E300}.Debug R26|Any CPU.Build.0 = Debug|Any CPU
		{2D0E4A83-0CAB-47DC-AB48-0F8D3F33E300}.Debug|Any CPU.ActiveCfg = Debug|Any CPU
		{2D0E4A83-0CAB-47DC-AB48-0F8D3F33E300}.Debug|Any CPU.Build.0 = Debug|Any CPU
		{2D0E4A83-0CAB-47DC-AB48-0F8D3F33E300}.Release R21|Any CPU.ActiveCfg = Release|Any CPU
		{2D0E4A83-0CAB-47DC-AB48-0F8D3F33E300}.Release R21|Any CPU.Build.0 = Release|Any CPU
		{2D0E4A83-0CAB-47DC-AB48-0F8D3F33E300}.Release R22|Any CPU.ActiveCfg = Release|Any CPU
		{2D0E4A83-0CAB-47DC-AB48-0F8D3F33E300}.Release R22|Any CPU.Build.0 = Release|Any CPU
		{2D0E4A83-0CAB-47DC-AB48-0F8D3F33E300}.Release R23|Any CPU.ActiveCfg = Release|Any CPU
		{2D0E4A83-0CAB-47DC-AB48-0F8D3F33E300}.Release R23|Any CPU.Build.0 = Release|Any CPU
		{2D0E4A83-0CAB-47DC-AB48-0F8D3F33E300}.Release R24|Any CPU.ActiveCfg = Release|Any CPU
		{2D0E4A83-0CAB-47DC-AB48-0F8D3F33E300}.Release R24|Any CPU.Build.0 = Release|Any CPU
		{2D0E4A83-0CAB-47DC-AB48-0F8D3F33E300}.Release R25|Any CPU.ActiveCfg = Release|Any CPU
		{2D0E4A83-0CAB-47DC-AB48-0F8D3F33E300}.Release R25|Any CPU.Build.0 = Release|Any CPU
		{2D0E4A83-0CAB-47DC-AB48-0F8D3F33E300}.Release R26|Any CPU.ActiveCfg = Release|Any CPU
		{2D0E4A83-0CAB-47DC-AB48-0F8D3F33E300}.Release R26|Any CPU.Build.0 = Release|Any CPU
		{2D0E4A83-0CAB-47DC-AB48-0F8D3F33E300}.Release|Any CPU.ActiveCfg = Release|Any CPU
		{2D0E4A83-0CAB-47DC-AB48-0F8D3F33E300}.Release|Any CPU.Build.0 = Release|Any CPU
		{024D7680-7A7D-473F-941D-7A8E775DB30D}.Debug R21|Any CPU.ActiveCfg = Debug|Any CPU
		{024D7680-7A7D-473F-941D-7A8E775DB30D}.Debug R21|Any CPU.Build.0 = Debug|Any CPU
		{024D7680-7A7D-473F-941D-7A8E775DB30D}.Debug R22|Any CPU.ActiveCfg = Debug|Any CPU
		{024D7680-7A7D-473F-941D-7A8E775DB30D}.Debug R22|Any CPU.Build.0 = Debug|Any CPU
		{024D7680-7A7D-473F-941D-7A8E775DB30D}.Debug R23|Any CPU.ActiveCfg = Debug|Any CPU
		{024D7680-7A7D-473F-941D-7A8E775DB30D}.Debug R23|Any CPU.Build.0 = Debug|Any CPU
		{024D7680-7A7D-473F-941D-7A8E775DB30D}.Debug R24|Any CPU.ActiveCfg = Debug|Any CPU
		{024D7680-7A7D-473F-941D-7A8E775DB30D}.Debug R24|Any CPU.Build.0 = Debug|Any CPU
		{024D7680-7A7D-473F-941D-7A8E775DB30D}.Debug R25|Any CPU.ActiveCfg = Debug|Any CPU
		{024D7680-7A7D-473F-941D-7A8E775DB30D}.Debug R25|Any CPU.Build.0 = Debug|Any CPU
		{024D7680-7A7D-473F-941D-7A8E775DB30D}.Debug R26|Any CPU.ActiveCfg = Debug|Any CPU
		{024D7680-7A7D-473F-941D-7A8E775DB30D}.Debug R26|Any CPU.Build.0 = Debug|Any CPU
		{024D7680-7A7D-473F-941D-7A8E775DB30D}.Debug|Any CPU.ActiveCfg = Debug|Any CPU
		{024D7680-7A7D-473F-941D-7A8E775DB30D}.Debug|Any CPU.Build.0 = Debug|Any CPU
		{024D7680-7A7D-473F-941D-7A8E775DB30D}.Release R21|Any CPU.ActiveCfg = Release|Any CPU
		{024D7680-7A7D-473F-941D-7A8E775DB30D}.Release R21|Any CPU.Build.0 = Release|Any CPU
		{024D7680-7A7D-473F-941D-7A8E775DB30D}.Release R22|Any CPU.ActiveCfg = Release|Any CPU
		{024D7680-7A7D-473F-941D-7A8E775DB30D}.Release R22|Any CPU.Build.0 = Release|Any CPU
		{024D7680-7A7D-473F-941D-7A8E775DB30D}.Release R23|Any CPU.ActiveCfg = Release|Any CPU
		{024D7680-7A7D-473F-941D-7A8E775DB30D}.Release R23|Any CPU.Build.0 = Release|Any CPU
		{024D7680-7A7D-473F-941D-7A8E775DB30D}.Release R24|Any CPU.ActiveCfg = Release|Any CPU
		{024D7680-7A7D-473F-941D-7A8E775DB30D}.Release R24|Any CPU.Build.0 = Release|Any CPU
		{024D7680-7A7D-473F-941D-7A8E775DB30D}.Release R25|Any CPU.ActiveCfg = Release|Any CPU
		{024D7680-7A7D-473F-941D-7A8E775DB30D}.Release R25|Any CPU.Build.0 = Release|Any CPU
		{024D7680-7A7D-473F-941D-7A8E775DB30D}.Release R26|Any CPU.ActiveCfg = Release|Any CPU
		{024D7680-7A7D-473F-941D-7A8E775DB30D}.Release R26|Any CPU.Build.0 = Release|Any CPU
		{024D7680-7A7D-473F-941D-7A8E775DB30D}.Release|Any CPU.ActiveCfg = Release|Any CPU
		{024D7680-7A7D-473F-941D-7A8E775DB30D}.Release|Any CPU.Build.0 = Release|Any CPU
	EndGlobalSection
	GlobalSection(SolutionProperties) = preSolution
		HideSolutionNode = FALSE
	EndGlobalSection
	GlobalSection(NestedProjects) = preSolution
		{E81BA55E-B4E6-4AA5-9C8B-82060EADD0A9} = {DE4C88F2-3AA3-4A06-BEB1-86372004C6B6}
		{AB764845-A8AE-4135-9524-98F1519A4492} = {DE4C88F2-3AA3-4A06-BEB1-86372004C6B6}
	EndGlobalSection
EndGlobal
